{
  "lockfileVersion": 1,
  "workspaces": {
    "": {
      "name": "realtime-data",
      "dependencies": {
        "@graphql-yoga/plugin-graphql-sse": "^3.13.5",
        "graphql": "^16.10.0",
        "graphql-request": "^7.1.2",
        "graphql-yoga": "^5.13.4",
        "mongodb": "^6.18.0"
      },
      "devDependencies": {
        "@faker-js/faker": "^9.7.0",
        "@types/bun": "latest",
      },
      "peerDependencies": {
        "typescript": "^5",
      },
    },
  },
  "packages": {
    "@envelop/core": ["@envelop/core@5.2.3", "", { "dependencies": { "@envelop/instrumentation": "^1.0.0", "@envelop/types": "^5.2.1", "@whatwg-node/promise-helpers": "^1.2.4", "tslib": "^2.5.0" } }, "sha512-KfoGlYD/XXQSc3BkM1/k15+JQbkQ4ateHazeZoWl9P71FsLTDXSjGy6j7QqfhpIDSbxNISqhPMfZHYSbDFOofQ=="],

    "@envelop/instrumentation": ["@envelop/instrumentation@1.0.0", "", { "dependencies": { "@whatwg-node/promise-helpers": "^1.2.1", "tslib": "^2.5.0" } }, "sha512-cxgkB66RQB95H3X27jlnxCRNTmPuSTgmBAq6/4n2Dtv4hsk4yz8FadA1ggmd0uZzvKqWD6CR+WFgTjhDqg7eyw=="],

    "@envelop/types": ["@envelop/types@5.2.1", "", { "dependencies": { "@whatwg-node/promise-helpers": "^1.0.0", "tslib": "^2.5.0" } }, "sha512-CsFmA3u3c2QoLDTfEpGr4t25fjMU31nyvse7IzWTvb0ZycuPjMjb0fjlheh+PbhBYb9YLugnT2uY6Mwcg1o+Zg=="],

    "@faker-js/faker": ["@faker-js/faker@9.7.0", "", {}, "sha512-aozo5vqjCmDoXLNUJarFZx2IN/GgGaogY4TMJ6so/WLZOWpSV7fvj2dmrV6sEAnUm1O7aCrhTibjpzeDFgNqbg=="],

    "@fastify/busboy": ["@fastify/busboy@3.1.1", "", {}, "sha512-5DGmA8FTdB2XbDeEwc/5ZXBl6UbBAyBOOLlPuBnZ/N1SwdH9Ii+cOX3tBROlDgcTXxjOYnLMVoKk9+FXAw0CJw=="],

    "@graphql-tools/executor": ["@graphql-tools/executor@1.4.7", "", { "dependencies": { "@graphql-tools/utils": "^10.8.6", "@graphql-typed-document-node/core": "^3.2.0", "@repeaterjs/repeater": "^3.0.4", "@whatwg-node/disposablestack": "^0.0.6", "@whatwg-node/promise-helpers": "^1.0.0", "tslib": "^2.4.0" }, "peerDependencies": { "graphql": "^14.0.0 || ^15.0.0 || ^16.0.0 || ^17.0.0" } }, "sha512-U0nK9jzJRP9/9Izf1+0Gggd6K6RNRsheFo1gC/VWzfnsr0qjcOSS9qTjY0OTC5iTPt4tQ+W5Zpw/uc7mebI6aA=="],

    "@graphql-tools/merge": ["@graphql-tools/merge@9.0.24", "", { "dependencies": { "@graphql-tools/utils": "^10.8.6", "tslib": "^2.4.0" }, "peerDependencies": { "graphql": "^14.0.0 || ^15.0.0 || ^16.0.0 || ^17.0.0" } }, "sha512-NzWx/Afl/1qHT3Nm1bghGG2l4jub28AdvtG11PoUlmjcIjnFBJMv4vqL0qnxWe8A82peWo4/TkVdjJRLXwgGEw=="],

    "@graphql-tools/schema": ["@graphql-tools/schema@10.0.23", "", { "dependencies": { "@graphql-tools/merge": "^9.0.24", "@graphql-tools/utils": "^10.8.6", "tslib": "^2.4.0" }, "peerDependencies": { "graphql": "^14.0.0 || ^15.0.0 || ^16.0.0 || ^17.0.0" } }, "sha512-aEGVpd1PCuGEwqTXCStpEkmheTHNdMayiIKH1xDWqYp9i8yKv9FRDgkGrY4RD8TNxnf7iII+6KOBGaJ3ygH95A=="],

    "@graphql-tools/utils": ["@graphql-tools/utils@10.8.6", "", { "dependencies": { "@graphql-typed-document-node/core": "^3.1.1", "@whatwg-node/promise-helpers": "^1.0.0", "cross-inspect": "1.0.1", "dset": "^3.1.4", "tslib": "^2.4.0" }, "peerDependencies": { "graphql": "^14.0.0 || ^15.0.0 || ^16.0.0 || ^17.0.0" } }, "sha512-Alc9Vyg0oOsGhRapfL3xvqh1zV8nKoFUdtLhXX7Ki4nClaIJXckrA86j+uxEuG3ic6j4jlM1nvcWXRn/71AVLQ=="],

    "@graphql-typed-document-node/core": ["@graphql-typed-document-node/core@3.2.0", "", { "peerDependencies": { "graphql": "^0.8.0 || ^0.9.0 || ^0.10.0 || ^0.11.0 || ^0.12.0 || ^0.13.0 || ^14.0.0 || ^15.0.0 || ^16.0.0 || ^17.0.0" } }, "sha512-mB9oAsNCm9aM3/SOv4YtBMqZbYj10R7dkq8byBqxGY/ncFwhf2oQzMV+LCRlWoDSEBJ3COiR1yeDvMtsoOsuFQ=="],

    "@graphql-yoga/logger": ["@graphql-yoga/logger@2.0.1", "", { "dependencies": { "tslib": "^2.8.1" } }, "sha512-Nv0BoDGLMg9QBKy9cIswQ3/6aKaKjlTh87x3GiBg2Z4RrjyrM48DvOOK0pJh1C1At+b0mUIM67cwZcFTDLN4sA=="],

    "@graphql-yoga/plugin-graphql-sse": ["@graphql-yoga/plugin-graphql-sse@3.13.5", "", { "dependencies": { "@whatwg-node/promise-helpers": "^1.2.4", "graphql-sse": "^2.0.0" }, "peerDependencies": { "graphql": "^15.2.0 || ^16.0.0", "graphql-yoga": "^5.13.4" } }, "sha512-CnWq08X65CJeF0erm81iGsV8o19cbUip4GAEA74Apot0CO4efWL/8DZmMYChDBCyO9IRN96BH58iLTo00IzjrQ=="],

    "@graphql-yoga/subscription": ["@graphql-yoga/subscription@5.0.5", "", { "dependencies": { "@graphql-yoga/typed-event-target": "^3.0.2", "@repeaterjs/repeater": "^3.0.4", "@whatwg-node/events": "^0.1.0", "tslib": "^2.8.1" } }, "sha512-oCMWOqFs6QV96/NZRt/ZhTQvzjkGB4YohBOpKM4jH/lDT4qb7Lex/aGCxpi/JD9njw3zBBtMqxbaC22+tFHVvw=="],

    "@graphql-yoga/typed-event-target": ["@graphql-yoga/typed-event-target@3.0.2", "", { "dependencies": { "@repeaterjs/repeater": "^3.0.4", "tslib": "^2.8.1" } }, "sha512-ZpJxMqB+Qfe3rp6uszCQoag4nSw42icURnBRfFYSOmTgEeOe4rD0vYlbA8spvCu2TlCesNTlEN9BLWtQqLxabA=="],

    "@mongodb-js/saslprep": ["@mongodb-js/saslprep@1.3.0", "", { "dependencies": { "sparse-bitfield": "^3.0.3" } }, "sha512-zlayKCsIjYb7/IdfqxorK5+xUMyi4vOKcFy10wKJYc63NSdKI8mNME+uJqfatkPmOSMMUiojrL58IePKBm3gvQ=="],

    "@repeaterjs/repeater": ["@repeaterjs/repeater@3.0.6", "", {}, "sha512-Javneu5lsuhwNCryN+pXH93VPQ8g0dBX7wItHFgYiwQmzE1sVdg5tWHiOgHywzL2W21XQopa7IwIEnNbmeUJYA=="],

    "@types/bun": ["@types/bun@1.2.9", "", { "dependencies": { "bun-types": "1.2.9" } }, "sha512-epShhLGQYc4Bv/aceHbmBhOz1XgUnuTZgcxjxk+WXwNyDXavv5QHD1QEFV0FwbTSQtNq6g4ZcV6y0vZakTjswg=="],

    "@types/node": ["@types/node@22.14.0", "", { "dependencies": { "undici-types": "~6.21.0" } }, "sha512-Kmpl+z84ILoG+3T/zQFyAJsU6EPTmOCj8/2+83fSN6djd6I4o7uOuGIH6vq3PrjY5BGitSbFuMN18j3iknubbA=="],

    "@types/webidl-conversions": ["@types/webidl-conversions@7.0.3", "", {}, "sha512-CiJJvcRtIgzadHCYXw7dqEnMNRjhGZlYK05Mj9OyktqV8uVT8fD2BFOB7S1uwBE3Kj2Z+4UyPmFw/Ixgw/LAlA=="],

    "@types/whatwg-url": ["@types/whatwg-url@11.0.5", "", { "dependencies": { "@types/webidl-conversions": "*" } }, "sha512-coYR071JRaHa+xoEvvYqvnIHaVqaYrLPbsufM9BF63HkwI5Lgmy2QR8Q5K/lYDYo5AK82wOvSOS0UsLTpTG7uQ=="],

    "@types/ws": ["@types/ws@8.18.1", "", { "dependencies": { "@types/node": "*" } }, "sha512-ThVF6DCVhA8kUGy+aazFQ4kXQ7E1Ty7A3ypFOe0IcJV8O/M511G99AW24irKrW56Wt44yG9+ij8FaqoBGkuBXg=="],

    "@whatwg-node/disposablestack": ["@whatwg-node/disposablestack@0.0.6", "", { "dependencies": { "@whatwg-node/promise-helpers": "^1.0.0", "tslib": "^2.6.3" } }, "sha512-LOtTn+JgJvX8WfBVJtF08TGrdjuFzGJc4mkP8EdDI8ADbvO7kiexYep1o8dwnt0okb0jYclCDXF13xU7Ge4zSw=="],

    "@whatwg-node/events": ["@whatwg-node/events@0.1.2", "", { "dependencies": { "tslib": "^2.6.3" } }, "sha512-ApcWxkrs1WmEMS2CaLLFUEem/49erT3sxIVjpzU5f6zmVcnijtDSrhoK2zVobOIikZJdH63jdAXOrvjf6eOUNQ=="],

    "@whatwg-node/fetch": ["@whatwg-node/fetch@0.10.6", "", { "dependencies": { "@whatwg-node/node-fetch": "^0.7.18", "urlpattern-polyfill": "^10.0.0" } }, "sha512-6uzhO2aQ757p3bSHcemA8C4pqEXuyBqyGAM7cYpO0c6/igRMV9As9XL0W12h5EPYMclgr7FgjmbVQBoWEdJ/yA=="],

    "@whatwg-node/node-fetch": ["@whatwg-node/node-fetch@0.7.18", "", { "dependencies": { "@fastify/busboy": "^3.1.1", "@whatwg-node/disposablestack": "^0.0.6", "@whatwg-node/promise-helpers": "^1.3.1", "tslib": "^2.6.3" } }, "sha512-IxKdVWfZYasGiyxBcsROxq6FmDQu3MNNiOYJ/yqLKhe+Qq27IIWsK7ItbjS2M9L5aM5JxjWkIS7JDh7wnsn+CQ=="],

    "@whatwg-node/promise-helpers": ["@whatwg-node/promise-helpers@1.3.1", "", { "dependencies": { "tslib": "^2.6.3" } }, "sha512-D+OwTEunoQhVHVToD80dPhfz9xgPLqJyEA3F5jCRM14A2u8tBBQVdZekqfqx6ZAfZ+POT4Hb0dn601UKMsvADw=="],

    "@whatwg-node/server": ["@whatwg-node/server@0.10.5", "", { "dependencies": { "@envelop/instrumentation": "^1.0.0", "@whatwg-node/disposablestack": "^0.0.6", "@whatwg-node/fetch": "^0.10.6", "@whatwg-node/promise-helpers": "^1.3.1", "tslib": "^2.6.3" } }, "sha512-ydxzH1iox9AzLe+uaX9jjyVFkQO+h15j+JClropw0P4Vz+ES4+xTZVu5leUsWW8AYTVZBFkiC0iHl/PwFZ+Q1Q=="],

    "aws-ssl-profiles": ["aws-ssl-profiles@1.1.2", "", {}, "sha512-NZKeq9AfyQvEeNlN0zSYAaWrmBffJh3IELMZfRpJVWgrpEbtEpnjvzqBPf+mxoI287JohRDoa+/nsfqqiZmF6g=="],

    "bson": ["bson@6.10.4", "", {}, "sha512-WIsKqkSC0ABoBJuT1LEX+2HEvNmNKKgnTAyd0fL8qzK4SH2i9NXg+t08YtdZp/V9IZ33cxe3iV4yM0qg8lMQng=="],

    "bun-types": ["bun-types@1.2.9", "", { "dependencies": { "@types/node": "*", "@types/ws": "*" } }, "sha512-dk/kOEfQbajENN/D6FyiSgOKEuUi9PWfqKQJEgwKrCMWbjS/S6tEXp178mWvWAcUSYm9ArDlWHZKO3T/4cLXiw=="],

    "cross-inspect": ["cross-inspect@1.0.1", "", { "dependencies": { "tslib": "^2.4.0" } }, "sha512-Pcw1JTvZLSJH83iiGWt6fRcT+BjZlCDRVwYLbUcHzv/CRpB7r0MlSrGbIyQvVSNyGnbt7G4AXuyCiDR3POvZ1A=="],

    "denque": ["denque@2.1.0", "", {}, "sha512-HVQE3AAb/pxF8fQAoiqpvg9i3evqug3hoiwakOyZAwJm+6vZehbkYXZ0l4JxS+I3QxM97v5aaRNhj8v5oBhekw=="],

    "dset": ["dset@3.1.4", "", {}, "sha512-2QF/g9/zTaPDc3BjNcVTGoBbXBgYfMTTceLaYcFJ/W9kggFUkhxD/hMEeuLKbugyef9SqAx8cpgwlIP/jinUTA=="],

    "generate-function": ["generate-function@2.3.1", "", { "dependencies": { "is-property": "^1.0.2" } }, "sha512-eeB5GfMNeevm/GRYq20ShmsaGcmI81kIX2K9XQx5miC8KdHaC6Jm0qQ8ZNeGOi7wYB8OsdxKs+Y2oVuTFuVwKQ=="],

    "graphql": ["graphql@16.10.0", "", {}, "sha512-AjqGKbDGUFRKIRCP9tCKiIGHyriz2oHEbPIbEtcSLSs4YjReZOIPQQWek4+6hjw62H9QShXHyaGivGiYVLeYFQ=="],

    "graphql-request": ["graphql-request@7.1.2", "", { "dependencies": { "@graphql-typed-document-node/core": "^3.2.0" }, "peerDependencies": { "graphql": "14 - 16" } }, "sha512-+XE3iuC55C2di5ZUrB4pjgwe+nIQBuXVIK9J98wrVwojzDW3GMdSBZfxUk8l4j9TieIpjpggclxhNEU9ebGF8w=="],

    "graphql-sse": ["graphql-sse@2.5.4", "", { "peerDependencies": { "graphql": ">=0.11 <=16" } }, "sha512-8PIGHQPv1vokYboL8KsoBomvyJCUMJCAwSp5f+bR2qVoYtPo7CYowrYV7LFiXuiirX0cxVzgUBFNa5BaI4rZ2A=="],

    "graphql-yoga": ["graphql-yoga@5.13.4", "", { "dependencies": { "@envelop/core": "^5.2.3", "@envelop/instrumentation": "^1.0.0", "@graphql-tools/executor": "^1.4.0", "@graphql-tools/schema": "^10.0.11", "@graphql-tools/utils": "^10.6.2", "@graphql-yoga/logger": "^2.0.1", "@graphql-yoga/subscription": "^5.0.5", "@whatwg-node/fetch": "^0.10.6", "@whatwg-node/promise-helpers": "^1.2.4", "@whatwg-node/server": "^0.10.5", "dset": "^3.1.4", "lru-cache": "^10.0.0", "tslib": "^2.8.1" }, "peerDependencies": { "graphql": "^15.2.0 || ^16.0.0" } }, "sha512-q5l3HEvgXnZCKG6K38fz3XNBX41GkHkIYspJbdVl9QVsm5Ah0EFUkY303tEOx8IucyB0h2hb8OfbYXEcoNCLMw=="],

    "iconv-lite": ["iconv-lite@0.6.3", "", { "dependencies": { "safer-buffer": ">= 2.1.2 < 3.0.0" } }, "sha512-4fCk79wshMdzMp2rH06qWrJE4iolqLhCUH+OiuIgU++RB0+94NlDL81atO7GX55uUKueo0txHNtvEyI6D7WdMw=="],

    "is-property": ["is-property@1.0.2", "", {}, "sha512-Ks/IoX00TtClbGQr4TWXemAnktAQvYB7HzcCxDGqEZU6oCmb2INHuOoKxbtR+HFkmYWBKv/dOZtGRiAjDhj92g=="],

    "long": ["long@5.3.1", "", {}, "sha512-ka87Jz3gcx/I7Hal94xaN2tZEOPoUOEVftkQqZx2EeQRN7LGdfLlI3FvZ+7WDplm+vK2Urx9ULrvSowtdCieng=="],

    "lru-cache": ["lru-cache@10.4.3", "", {}, "sha512-JNAzZcXrCt42VGLuYz0zfAzDfAvJWW6AfYlDBQyDV5DClI2m5sAmK+OIO7s59XfsRsWHp02jAJrRadPRGTt6SQ=="],

    "lru.min": ["lru.min@1.1.2", "", {}, "sha512-Nv9KddBcQSlQopmBHXSsZVY5xsdlZkdH/Iey0BlcBYggMd4two7cZnKOK9vmy3nY0O5RGH99z1PCeTpPqszUYg=="],

    "memory-pager": ["memory-pager@1.5.0", "", {}, "sha512-ZS4Bp4r/Zoeq6+NLJpP+0Zzm0pR8whtGPf1XExKLJBAczGMnSi3It14OiNCStjQjM6NU1okjQGSxgEZN8eBYKg=="],

    "mongodb": ["mongodb@6.18.0", "", { "dependencies": { "@mongodb-js/saslprep": "^1.1.9", "bson": "^6.10.4", "mongodb-connection-string-url": "^3.0.0" }, "peerDependencies": { "@aws-sdk/credential-providers": "^3.188.0", "@mongodb-js/zstd": "^1.1.0 || ^2.0.0", "gcp-metadata": "^5.2.0", "kerberos": "^2.0.1", "mongodb-client-encryption": ">=6.0.0 <7", "snappy": "^7.2.2", "socks": "^2.7.1" }, "optionalPeers": ["@aws-sdk/credential-providers", "@mongodb-js/zstd", "gcp-metadata", "kerberos", "mongodb-client-encryption", "snappy", "socks"] }, "sha512-fO5ttN9VC8P0F5fqtQmclAkgXZxbIkYRTUi1j8JO6IYwvamkhtYDilJr35jOPELR49zqCJgXZWwCtW7B+TM8vQ=="],

    "mongodb-connection-string-url": ["mongodb-connection-string-url@3.0.2", "", { "dependencies": { "@types/whatwg-url": "^11.0.2", "whatwg-url": "^14.1.0 || ^13.0.0" } }, "sha512-rMO7CGo/9BFwyZABcKAWL8UJwH/Kc2x0g72uhDWzG48URRax5TCIcJ7Rc3RZqffZzO/Gwff/jyKwCU9TN8gehA=="],

    "mysql2": ["mysql2@3.14.0", "", { "dependencies": { "aws-ssl-profiles": "^1.1.1", "denque": "^2.1.0", "generate-function": "^2.3.1", "iconv-lite": "^0.6.3", "long": "^5.2.1", "lru.min": "^1.0.0", "named-placeholders": "^1.1.3", "seq-queue": "^0.0.5", "sqlstring": "^2.3.2" } }, "sha512-8eMhmG6gt/hRkU1G+8KlGOdQi2w+CgtNoD1ksXZq9gQfkfDsX4LHaBwTe1SY0Imx//t2iZA03DFnyYKPinxSRw=="],

    "named-placeholders": ["named-placeholders@1.1.3", "", { "dependencies": { "lru-cache": "^7.14.1" } }, "sha512-eLoBxg6wE/rZkJPhU/xRX1WTpkFEwDJEN96oxFrTsqBdbT5ec295Q+CoHrL9IT0DipqKhmGcaZmwOt8OON5x1w=="],

    "punycode": ["punycode@2.3.1", "", {}, "sha512-vYt7UD1U9Wg6138shLtLOvdAu+8DsC/ilFtEVHcH+wydcSpNE20AfSOduf6MkRFahL5FY7X1oU7nKVZFtfq8Fg=="],

    "safer-buffer": ["safer-buffer@2.1.2", "", {}, "sha512-YZo3K82SD7Riyi0E1EQPojLz7kpepnSQI9IyPbHHg1XXXevb5dJI7tpyN2ADxGcQbHG7vcyRHk0cbwqcQriUtg=="],

    "seq-queue": ["seq-queue@0.0.5", "", {}, "sha512-hr3Wtp/GZIc/6DAGPDcV4/9WoZhjrkXsi5B/07QgX8tsdc6ilr7BFM6PM6rbdAX1kFSDYeZGLipIZZKyQP0O5Q=="],

    "sparse-bitfield": ["sparse-bitfield@3.0.3", "", { "dependencies": { "memory-pager": "^1.0.2" } }, "sha512-kvzhi7vqKTfkh0PZU+2D2PIllw2ymqJKujUcyPMd9Y75Nv4nPbGJZXNhxsgdQab2BmlDct1YnfQCguEvHr7VsQ=="],

    "sqlstring": ["sqlstring@2.3.3", "", {}, "sha512-qC9iz2FlN7DQl3+wjwn3802RTyjCx7sDvfQEXchwa6CWOx07/WVfh91gBmQ9fahw8snwGEWU3xGzOt4tFyHLxg=="],

    "tr46": ["tr46@5.1.1", "", { "dependencies": { "punycode": "^2.3.1" } }, "sha512-hdF5ZgjTqgAntKkklYw0R03MG2x/bSzTtkxmIRw/sTNV8YXsCJ1tfLAX23lhxhHJlEf3CRCOCGGWw3vI3GaSPw=="],

    "tslib": ["tslib@2.8.1", "", {}, "sha512-oJFu94HQb+KVduSUQL7wnpmqnfmLsOA/nAh6b6EH0wCEoK0/mPeXU6c3wKDV83MkOuHPRHtSXKKU99IBazS/2w=="],

    "typescript": ["typescript@5.8.3", "", { "bin": { "tsc": "bin/tsc", "tsserver": "bin/tsserver" } }, "sha512-p1diW6TqL9L07nNxvRMM7hMMw4c5XOo/1ibL4aAIGmSAt9slTE1Xgw5KWuof2uTOvCg9BY7ZRi+GaF+7sfgPeQ=="],

    "undici-types": ["undici-types@6.21.0", "", {}, "sha512-iwDZqg0QAGrg9Rav5H4n0M64c3mkR59cJ6wQp+7C4nI0gsmExaedaYLNO44eT4AtBBwjbTiGPMlt2Md0T9H9JQ=="],

    "urlpattern-polyfill": ["urlpattern-polyfill@10.0.0", "", {}, "sha512-H/A06tKD7sS1O1X2SshBVeA5FLycRpjqiBeqGKmBwBDBy28EnRjORxTNe269KSSr5un5qyWi1iL61wLxpd+ZOg=="],

    "webidl-conversions": ["webidl-conversions@7.0.0", "", {}, "sha512-VwddBukDzu71offAQR975unBIGqfKZpM+8ZX6ySk8nYhVoo5CYaZyzt3YBvYtRtO+aoGlqxPg/B87NGVZ/fu6g=="],

    "whatwg-url": ["whatwg-url@14.2.0", "", { "dependencies": { "tr46": "^5.1.0", "webidl-conversions": "^7.0.0" } }, "sha512-De72GdQZzNTUBBChsXueQUnPKDkg/5A5zp7pFDuQAj5UFoENpiACU0wlCvzpAGnTkj++ihpKwKyYewn/XNUbKw=="],

    "named-placeholders/lru-cache": ["lru-cache@7.18.3", "", {}, "sha512-jumlc0BIUrS3qJGgIkWZsyfAM7NCWiBcCDhnd+3NNM5KbBmLTgHVfWBcg6W+rLUsIpzpERPsvwUP7CckAQSOoA=="],
  }
}
