{
  "name": "realtime-data",
  "version": "1.0.0",
  "lockfileVersion": 3,
  "requires": true,
  "packages": {
    "": {
      "name": "realtime-data",
      "version": "1.0.0",
      "license": "ISC",
      "dependencies": {
        "@aws-sdk/client-s3": "^3.787.0",
        "@graphql-yoga/plugin-graphql-sse": "^3.13.5",
        "graphql": "^16.10.0",
        "graphql-request": "^7.1.2",
        "mysql2": "^3.14.0"
      },
      "devDependencies": {
        "@faker-js/faker": "^9.7.0",
        "@types/bun": "latest"
      },
      "peerDependencies": {
        "typescript": "^5"
      }
    },
    "node_modules/@aws-crypto/crc32": {
      "version": "5.2.0",
      "license": "Apache-2.0",
      "dependencies": {
        "@aws-crypto/util": "^5.2.0",
        "@aws-sdk/types": "^3.222.0",
        "tslib": "^2.6.2"
      },
      "engines": {
        "node": ">=16.0.0"
      }
    },
    "node_modules/@aws-crypto/crc32c": {
      "version": "5.2.0",
      "license": "Apache-2.0",
      "dependencies": {
        "@aws-crypto/util": "^5.2.0",
        "@aws-sdk/types": "^3.222.0",
        "tslib": "^2.6.2"
      }
    },
    "node_modules/@aws-crypto/sha1-browser": {
      "version": "5.2.0",
      "license": "Apache-2.0",
      "dependencies": {
        "@aws-crypto/supports-web-crypto": "^5.2.0",
        "@aws-crypto/util": "^5.2.0",
        "@aws-sdk/types": "^3.222.0",
        "@aws-sdk/util-locate-window": "^3.0.0",
        "@smithy/util-utf8": "^2.0.0",
        "tslib": "^2.6.2"
      }
    },
    "node_modules/@aws-crypto/sha1-browser/node_modules/@smithy/util-utf8": {
      "version": "2.3.0",
      "license": "Apache-2.0",
      "dependencies": {
        "@smithy/util-buffer-from": "^2.2.0",
        "tslib": "^2.6.2"
      },
      "engines": {
        "node": ">=14.0.0"
      }
    },
    "node_modules/@aws-crypto/sha1-browser/node_modules/@smithy/util-utf8/node_modules/@smithy/util-buffer-from": {
      "version": "2.2.0",
      "license": "Apache-2.0",
      "dependencies": {
        "@smithy/is-array-buffer": "^2.2.0",
        "tslib": "^2.6.2"
      },
      "engines": {
        "node": ">=14.0.0"
      }
    },
    "node_modules/@aws-crypto/sha1-browser/node_modules/@smithy/util-utf8/node_modules/@smithy/util-buffer-from/node_modules/@smithy/is-array-buffer": {
      "version": "2.2.0",
      "license": "Apache-2.0",
      "dependencies": {
        "tslib": "^2.6.2"
      },
      "engines": {
        "node": ">=14.0.0"
      }
    },
    "node_modules/@aws-crypto/sha256-browser": {
      "version": "5.2.0",
      "license": "Apache-2.0",
      "dependencies": {
        "@aws-crypto/sha256-js": "^5.2.0",
        "@aws-crypto/supports-web-crypto": "^5.2.0",
        "@aws-crypto/util": "^5.2.0",
        "@aws-sdk/types": "^3.222.0",
        "@aws-sdk/util-locate-window": "^3.0.0",
        "@smithy/util-utf8": "^2.0.0",
        "tslib": "^2.6.2"
      }
    },
    "node_modules/@aws-crypto/sha256-browser/node_modules/@smithy/util-utf8": {
      "version": "2.3.0",
      "license": "Apache-2.0",
      "dependencies": {
        "@smithy/util-buffer-from": "^2.2.0",
        "tslib": "^2.6.2"
      },
      "engines": {
        "node": ">=14.0.0"
      }
    },
    "node_modules/@aws-crypto/sha256-browser/node_modules/@smithy/util-utf8/node_modules/@smithy/util-buffer-from": {
      "version": "2.2.0",
      "license": "Apache-2.0",
      "dependencies": {
        "@smithy/is-array-buffer": "^2.2.0",
        "tslib": "^2.6.2"
      },
      "engines": {
        "node": ">=14.0.0"
      }
    },
    "node_modules/@aws-crypto/sha256-browser/node_modules/@smithy/util-utf8/node_modules/@smithy/util-buffer-from/node_modules/@smithy/is-array-buffer": {
      "version": "2.2.0",
      "license": "Apache-2.0",
      "dependencies": {
        "tslib": "^2.6.2"
      },
      "engines": {
        "node": ">=14.0.0"
      }
    },
    "node_modules/@aws-crypto/sha256-js": {
      "version": "5.2.0",
      "license": "Apache-2.0",
      "dependencies": {
        "@aws-crypto/util": "^5.2.0",
        "@aws-sdk/types": "^3.222.0",
        "tslib": "^2.6.2"
      },
      "engines": {
        "node": ">=16.0.0"
      }
    },
    "node_modules/@aws-crypto/supports-web-crypto": {
      "version": "5.2.0",
      "license": "Apache-2.0",
      "dependencies": {
        "tslib": "^2.6.2"
      }
    },
    "node_modules/@aws-crypto/util": {
      "version": "5.2.0",
      "license": "Apache-2.0",
      "dependencies": {
        "@aws-sdk/types": "^3.222.0",
        "@smithy/util-utf8": "^2.0.0",
        "tslib": "^2.6.2"
      }
    },
    "node_modules/@aws-crypto/util/node_modules/@smithy/util-utf8": {
      "version": "2.3.0",
      "license": "Apache-2.0",
      "dependencies": {
        "@smithy/util-buffer-from": "^2.2.0",
        "tslib": "^2.6.2"
      },
      "engines": {
        "node": ">=14.0.0"
      }
    },
    "node_modules/@aws-crypto/util/node_modules/@smithy/util-utf8/node_modules/@smithy/util-buffer-from": {
      "version": "2.2.0",
      "license": "Apache-2.0",
      "dependencies": {
        "@smithy/is-array-buffer": "^2.2.0",
        "tslib": "^2.6.2"
      },
      "engines": {
        "node": ">=14.0.0"
      }
    },
    "node_modules/@aws-crypto/util/node_modules/@smithy/util-utf8/node_modules/@smithy/util-buffer-from/node_modules/@smithy/is-array-buffer": {
      "version": "2.2.0",
      "license": "Apache-2.0",
      "dependencies": {
        "tslib": "^2.6.2"
      },
      "engines": {
        "node": ">=14.0.0"
      }
    },
    "node_modules/@aws-sdk/client-s3": {
      "version": "3.787.0",
      "license": "Apache-2.0",
      "dependencies": {
        "@aws-crypto/sha1-browser": "5.2.0",
        "@aws-crypto/sha256-browser": "5.2.0",
        "@aws-crypto/sha256-js": "5.2.0",
        "@aws-sdk/core": "3.775.0",
        "@aws-sdk/credential-provider-node": "3.787.0",
        "@aws-sdk/middleware-bucket-endpoint": "3.775.0",
        "@aws-sdk/middleware-expect-continue": "3.775.0",
        "@aws-sdk/middleware-flexible-checksums": "3.787.0",
        "@aws-sdk/middleware-host-header": "3.775.0",
        "@aws-sdk/middleware-location-constraint": "3.775.0",
        "@aws-sdk/middleware-logger": "3.775.0",
        "@aws-sdk/middleware-recursion-detection": "3.775.0",
        "@aws-sdk/middleware-sdk-s3": "3.775.0",
        "@aws-sdk/middleware-ssec": "3.775.0",
        "@aws-sdk/middleware-user-agent": "3.787.0",
        "@aws-sdk/region-config-resolver": "3.775.0",
        "@aws-sdk/signature-v4-multi-region": "3.775.0",
        "@aws-sdk/types": "3.775.0",
        "@aws-sdk/util-endpoints": "3.787.0",
        "@aws-sdk/util-user-agent-browser": "3.775.0",
        "@aws-sdk/util-user-agent-node": "3.787.0",
        "@aws-sdk/xml-builder": "3.775.0",
        "@smithy/config-resolver": "^4.1.0",
        "@smithy/core": "^3.2.0",
        "@smithy/eventstream-serde-browser": "^4.0.2",
        "@smithy/eventstream-serde-config-resolver": "^4.1.0",
        "@smithy/eventstream-serde-node": "^4.0.2",
        "@smithy/fetch-http-handler": "^5.0.2",
        "@smithy/hash-blob-browser": "^4.0.2",
        "@smithy/hash-node": "^4.0.2",
        "@smithy/hash-stream-node": "^4.0.2",
        "@smithy/invalid-dependency": "^4.0.2",
        "@smithy/md5-js": "^4.0.2",
        "@smithy/middleware-content-length": "^4.0.2",
        "@smithy/middleware-endpoint": "^4.1.0",
        "@smithy/middleware-retry": "^4.1.0",
        "@smithy/middleware-serde": "^4.0.3",
        "@smithy/middleware-stack": "^4.0.2",
        "@smithy/node-config-provider": "^4.0.2",
        "@smithy/node-http-handler": "^4.0.4",
        "@smithy/protocol-http": "^5.1.0",
        "@smithy/smithy-client": "^4.2.0",
        "@smithy/types": "^4.2.0",
        "@smithy/url-parser": "^4.0.2",
        "@smithy/util-base64": "^4.0.0",
        "@smithy/util-body-length-browser": "^4.0.0",
        "@smithy/util-body-length-node": "^4.0.0",
        "@smithy/util-defaults-mode-browser": "^4.0.8",
        "@smithy/util-defaults-mode-node": "^4.0.8",
        "@smithy/util-endpoints": "^3.0.2",
        "@smithy/util-middleware": "^4.0.2",
        "@smithy/util-retry": "^4.0.2",
        "@smithy/util-stream": "^4.2.0",
        "@smithy/util-utf8": "^4.0.0",
        "@smithy/util-waiter": "^4.0.3",
        "tslib": "^2.6.2"
      },
      "engines": {
        "node": ">=18.0.0"
      }
    },
    "node_modules/@aws-sdk/client-sso": {
      "version": "3.787.0",
      "license": "Apache-2.0",
      "dependencies": {
        "@aws-crypto/sha256-browser": "5.2.0",
        "@aws-crypto/sha256-js": "5.2.0",
        "@aws-sdk/core": "3.775.0",
        "@aws-sdk/middleware-host-header": "3.775.0",
        "@aws-sdk/middleware-logger": "3.775.0",
        "@aws-sdk/middleware-recursion-detection": "3.775.0",
        "@aws-sdk/middleware-user-agent": "3.787.0",
        "@aws-sdk/region-config-resolver": "3.775.0",
        "@aws-sdk/types": "3.775.0",
        "@aws-sdk/util-endpoints": "3.787.0",
        "@aws-sdk/util-user-agent-browser": "3.775.0",
        "@aws-sdk/util-user-agent-node": "3.787.0",
        "@smithy/config-resolver": "^4.1.0",
        "@smithy/core": "^3.2.0",
        "@smithy/fetch-http-handler": "^5.0.2",
        "@smithy/hash-node": "^4.0.2",
        "@smithy/invalid-dependency": "^4.0.2",
        "@smithy/middleware-content-length": "^4.0.2",
        "@smithy/middleware-endpoint": "^4.1.0",
        "@smithy/middleware-retry": "^4.1.0",
        "@smithy/middleware-serde": "^4.0.3",
        "@smithy/middleware-stack": "^4.0.2",
        "@smithy/node-config-provider": "^4.0.2",
        "@smithy/node-http-handler": "^4.0.4",
        "@smithy/protocol-http": "^5.1.0",
        "@smithy/smithy-client": "^4.2.0",
        "@smithy/types": "^4.2.0",
        "@smithy/url-parser": "^4.0.2",
        "@smithy/util-base64": "^4.0.0",
        "@smithy/util-body-length-browser": "^4.0.0",
        "@smithy/util-body-length-node": "^4.0.0",
        "@smithy/util-defaults-mode-browser": "^4.0.8",
        "@smithy/util-defaults-mode-node": "^4.0.8",
        "@smithy/util-endpoints": "^3.0.2",
        "@smithy/util-middleware": "^4.0.2",
        "@smithy/util-retry": "^4.0.2",
        "@smithy/util-utf8": "^4.0.0",
        "tslib": "^2.6.2"
      },
      "engines": {
        "node": ">=18.0.0"
      }
    },
    "node_modules/@aws-sdk/core": {
      "version": "3.775.0",
      "license": "Apache-2.0",
      "dependencies": {
        "@aws-sdk/types": "3.775.0",
        "@smithy/core": "^3.2.0",
        "@smithy/node-config-provider": "^4.0.2",
        "@smithy/property-provider": "^4.0.2",
        "@smithy/protocol-http": "^5.1.0",
        "@smithy/signature-v4": "^5.0.2",
        "@smithy/smithy-client": "^4.2.0",
        "@smithy/types": "^4.2.0",
        "@smithy/util-middleware": "^4.0.2",
        "fast-xml-parser": "4.4.1",
        "tslib": "^2.6.2"
      },
      "engines": {
        "node": ">=18.0.0"
      }
    },
    "node_modules/@aws-sdk/credential-provider-env": {
      "version": "3.775.0",
      "license": "Apache-2.0",
      "dependencies": {
        "@aws-sdk/core": "3.775.0",
        "@aws-sdk/types": "3.775.0",
        "@smithy/property-provider": "^4.0.2",
        "@smithy/types": "^4.2.0",
        "tslib": "^2.6.2"
      },
      "engines": {
        "node": ">=18.0.0"
      }
    },
    "node_modules/@aws-sdk/credential-provider-http": {
      "version": "3.775.0",
      "license": "Apache-2.0",
      "dependencies": {
        "@aws-sdk/core": "3.775.0",
        "@aws-sdk/types": "3.775.0",
        "@smithy/fetch-http-handler": "^5.0.2",
        "@smithy/node-http-handler": "^4.0.4",
        "@smithy/property-provider": "^4.0.2",
        "@smithy/protocol-http": "^5.1.0",
        "@smithy/smithy-client": "^4.2.0",
        "@smithy/types": "^4.2.0",
        "@smithy/util-stream": "^4.2.0",
        "tslib": "^2.6.2"
      },
      "engines": {
        "node": ">=18.0.0"
      }
    },
    "node_modules/@aws-sdk/credential-provider-ini": {
      "version": "3.787.0",
      "license": "Apache-2.0",
      "dependencies": {
        "@aws-sdk/core": "3.775.0",
        "@aws-sdk/credential-provider-env": "3.775.0",
        "@aws-sdk/credential-provider-http": "3.775.0",
        "@aws-sdk/credential-provider-process": "3.775.0",
        "@aws-sdk/credential-provider-sso": "3.787.0",
        "@aws-sdk/credential-provider-web-identity": "3.787.0",
        "@aws-sdk/nested-clients": "3.787.0",
        "@aws-sdk/types": "3.775.0",
        "@smithy/credential-provider-imds": "^4.0.2",
        "@smithy/property-provider": "^4.0.2",
        "@smithy/shared-ini-file-loader": "^4.0.2",
        "@smithy/types": "^4.2.0",
        "tslib": "^2.6.2"
      },
      "engines": {
        "node": ">=18.0.0"
      }
    },
    "node_modules/@aws-sdk/credential-provider-node": {
      "version": "3.787.0",
      "license": "Apache-2.0",
      "dependencies": {
        "@aws-sdk/credential-provider-env": "3.775.0",
        "@aws-sdk/credential-provider-http": "3.775.0",
        "@aws-sdk/credential-provider-ini": "3.787.0",
        "@aws-sdk/credential-provider-process": "3.775.0",
        "@aws-sdk/credential-provider-sso": "3.787.0",
        "@aws-sdk/credential-provider-web-identity": "3.787.0",
        "@aws-sdk/types": "3.775.0",
        "@smithy/credential-provider-imds": "^4.0.2",
        "@smithy/property-provider": "^4.0.2",
        "@smithy/shared-ini-file-loader": "^4.0.2",
        "@smithy/types": "^4.2.0",
        "tslib": "^2.6.2"
      },
      "engines": {
        "node": ">=18.0.0"
      }
    },
    "node_modules/@aws-sdk/credential-provider-process": {
      "version": "3.775.0",
      "license": "Apache-2.0",
      "dependencies": {
        "@aws-sdk/core": "3.775.0",
        "@aws-sdk/types": "3.775.0",
        "@smithy/property-provider": "^4.0.2",
        "@smithy/shared-ini-file-loader": "^4.0.2",
        "@smithy/types": "^4.2.0",
        "tslib": "^2.6.2"
      },
      "engines": {
        "node": ">=18.0.0"
      }
    },
    "node_modules/@aws-sdk/credential-provider-sso": {
      "version": "3.787.0",
      "license": "Apache-2.0",
      "dependencies": {
        "@aws-sdk/client-sso": "3.787.0",
        "@aws-sdk/core": "3.775.0",
        "@aws-sdk/token-providers": "3.787.0",
        "@aws-sdk/types": "3.775.0",
        "@smithy/property-provider": "^4.0.2",
        "@smithy/shared-ini-file-loader": "^4.0.2",
        "@smithy/types": "^4.2.0",
        "tslib": "^2.6.2"
      },
      "engines": {
        "node": ">=18.0.0"
      }
    },
    "node_modules/@aws-sdk/credential-provider-web-identity": {
      "version": "3.787.0",
      "license": "Apache-2.0",
      "dependencies": {
        "@aws-sdk/core": "3.775.0",
        "@aws-sdk/nested-clients": "3.787.0",
        "@aws-sdk/types": "3.775.0",
        "@smithy/property-provider": "^4.0.2",
        "@smithy/types": "^4.2.0",
        "tslib": "^2.6.2"
      },
      "engines": {
        "node": ">=18.0.0"
      }
    },
    "node_modules/@aws-sdk/middleware-bucket-endpoint": {
      "version": "3.775.0",
      "license": "Apache-2.0",
      "dependencies": {
        "@aws-sdk/types": "3.775.0",
        "@aws-sdk/util-arn-parser": "3.723.0",
        "@smithy/node-config-provider": "^4.0.2",
        "@smithy/protocol-http": "^5.1.0",
        "@smithy/types": "^4.2.0",
        "@smithy/util-config-provider": "^4.0.0",
        "tslib": "^2.6.2"
      },
      "engines": {
        "node": ">=18.0.0"
      }
    },
    "node_modules/@aws-sdk/middleware-expect-continue": {
      "version": "3.775.0",
      "license": "Apache-2.0",
      "dependencies": {
        "@aws-sdk/types": "3.775.0",
        "@smithy/protocol-http": "^5.1.0",
        "@smithy/types": "^4.2.0",
        "tslib": "^2.6.2"
      },
      "engines": {
        "node": ">=18.0.0"
      }
    },
    "node_modules/@aws-sdk/middleware-flexible-checksums": {
      "version": "3.787.0",
      "license": "Apache-2.0",
      "dependencies": {
        "@aws-crypto/crc32": "5.2.0",
        "@aws-crypto/crc32c": "5.2.0",
        "@aws-crypto/util": "5.2.0",
        "@aws-sdk/core": "3.775.0",
        "@aws-sdk/types": "3.775.0",
        "@smithy/is-array-buffer": "^4.0.0",
        "@smithy/node-config-provider": "^4.0.2",
        "@smithy/protocol-http": "^5.1.0",
        "@smithy/types": "^4.2.0",
        "@smithy/util-middleware": "^4.0.2",
        "@smithy/util-stream": "^4.2.0",
        "@smithy/util-utf8": "^4.0.0",
        "tslib": "^2.6.2"
      },
      "engines": {
        "node": ">=18.0.0"
      }
    },
    "node_modules/@aws-sdk/middleware-host-header": {
      "version": "3.775.0",
      "license": "Apache-2.0",
      "dependencies": {
        "@aws-sdk/types": "3.775.0",
        "@smithy/protocol-http": "^5.1.0",
        "@smithy/types": "^4.2.0",
        "tslib": "^2.6.2"
      },
      "engines": {
        "node": ">=18.0.0"
      }
    },
    "node_modules/@aws-sdk/middleware-location-constraint": {
      "version": "3.775.0",
      "license": "Apache-2.0",
      "dependencies": {
        "@aws-sdk/types": "3.775.0",
        "@smithy/types": "^4.2.0",
        "tslib": "^2.6.2"
      },
      "engines": {
        "node": ">=18.0.0"
      }
    },
    "node_modules/@aws-sdk/middleware-logger": {
      "version": "3.775.0",
      "license": "Apache-2.0",
      "dependencies": {
        "@aws-sdk/types": "3.775.0",
        "@smithy/types": "^4.2.0",
        "tslib": "^2.6.2"
      },
      "engines": {
        "node": ">=18.0.0"
      }
    },
    "node_modules/@aws-sdk/middleware-recursion-detection": {
      "version": "3.775.0",
      "license": "Apache-2.0",
      "dependencies": {
        "@aws-sdk/types": "3.775.0",
        "@smithy/protocol-http": "^5.1.0",
        "@smithy/types": "^4.2.0",
        "tslib": "^2.6.2"
      },
      "engines": {
        "node": ">=18.0.0"
      }
    },
    "node_modules/@aws-sdk/middleware-sdk-s3": {
      "version": "3.775.0",
      "license": "Apache-2.0",
      "dependencies": {
        "@aws-sdk/core": "3.775.0",
        "@aws-sdk/types": "3.775.0",
        "@aws-sdk/util-arn-parser": "3.723.0",
        "@smithy/core": "^3.2.0",
        "@smithy/node-config-provider": "^4.0.2",
        "@smithy/protocol-http": "^5.1.0",
        "@smithy/signature-v4": "^5.0.2",
        "@smithy/smithy-client": "^4.2.0",
        "@smithy/types": "^4.2.0",
        "@smithy/util-config-provider": "^4.0.0",
        "@smithy/util-middleware": "^4.0.2",
        "@smithy/util-stream": "^4.2.0",
        "@smithy/util-utf8": "^4.0.0",
        "tslib": "^2.6.2"
      },
      "engines": {
        "node": ">=18.0.0"
      }
    },
    "node_modules/@aws-sdk/middleware-ssec": {
      "version": "3.775.0",
      "license": "Apache-2.0",
      "dependencies": {
        "@aws-sdk/types": "3.775.0",
        "@smithy/types": "^4.2.0",
        "tslib": "^2.6.2"
      },
      "engines": {
        "node": ">=18.0.0"
      }
    },
    "node_modules/@aws-sdk/middleware-user-agent": {
      "version": "3.787.0",
      "license": "Apache-2.0",
      "dependencies": {
        "@aws-sdk/core": "3.775.0",
        "@aws-sdk/types": "3.775.0",
        "@aws-sdk/util-endpoints": "3.787.0",
        "@smithy/core": "^3.2.0",
        "@smithy/protocol-http": "^5.1.0",
        "@smithy/types": "^4.2.0",
        "tslib": "^2.6.2"
      },
      "engines": {
        "node": ">=18.0.0"
      }
    },
    "node_modules/@aws-sdk/nested-clients": {
      "version": "3.787.0",
      "license": "Apache-2.0",
      "dependencies": {
        "@aws-crypto/sha256-browser": "5.2.0",
        "@aws-crypto/sha256-js": "5.2.0",
        "@aws-sdk/core": "3.775.0",
        "@aws-sdk/middleware-host-header": "3.775.0",
        "@aws-sdk/middleware-logger": "3.775.0",
        "@aws-sdk/middleware-recursion-detection": "3.775.0",
        "@aws-sdk/middleware-user-agent": "3.787.0",
        "@aws-sdk/region-config-resolver": "3.775.0",
        "@aws-sdk/types": "3.775.0",
        "@aws-sdk/util-endpoints": "3.787.0",
        "@aws-sdk/util-user-agent-browser": "3.775.0",
        "@aws-sdk/util-user-agent-node": "3.787.0",
        "@smithy/config-resolver": "^4.1.0",
        "@smithy/core": "^3.2.0",
        "@smithy/fetch-http-handler": "^5.0.2",
        "@smithy/hash-node": "^4.0.2",
        "@smithy/invalid-dependency": "^4.0.2",
        "@smithy/middleware-content-length": "^4.0.2",
        "@smithy/middleware-endpoint": "^4.1.0",
        "@smithy/middleware-retry": "^4.1.0",
        "@smithy/middleware-serde": "^4.0.3",
        "@smithy/middleware-stack": "^4.0.2",
        "@smithy/node-config-provider": "^4.0.2",
        "@smithy/node-http-handler": "^4.0.4",
        "@smithy/protocol-http": "^5.1.0",
        "@smithy/smithy-client": "^4.2.0",
        "@smithy/types": "^4.2.0",
        "@smithy/url-parser": "^4.0.2",
        "@smithy/util-base64": "^4.0.0",
        "@smithy/util-body-length-browser": "^4.0.0",
        "@smithy/util-body-length-node": "^4.0.0",
        "@smithy/util-defaults-mode-browser": "^4.0.8",
        "@smithy/util-defaults-mode-node": "^4.0.8",
        "@smithy/util-endpoints": "^3.0.2",
        "@smithy/util-middleware": "^4.0.2",
        "@smithy/util-retry": "^4.0.2",
        "@smithy/util-utf8": "^4.0.0",
        "tslib": "^2.6.2"
      },
      "engines": {
        "node": ">=18.0.0"
      }
    },
    "node_modules/@aws-sdk/region-config-resolver": {
      "version": "3.775.0",
      "license": "Apache-2.0",
      "dependencies": {
        "@aws-sdk/types": "3.775.0",
        "@smithy/node-config-provider": "^4.0.2",
        "@smithy/types": "^4.2.0",
        "@smithy/util-config-provider": "^4.0.0",
        "@smithy/util-middleware": "^4.0.2",
        "tslib": "^2.6.2"
      },
      "engines": {
        "node": ">=18.0.0"
      }
    },
    "node_modules/@aws-sdk/signature-v4-multi-region": {
      "version": "3.775.0",
      "license": "Apache-2.0",
      "dependencies": {
        "@aws-sdk/middleware-sdk-s3": "3.775.0",
        "@aws-sdk/types": "3.775.0",
        "@smithy/protocol-http": "^5.1.0",
        "@smithy/signature-v4": "^5.0.2",
        "@smithy/types": "^4.2.0",
        "tslib": "^2.6.2"
      },
      "engines": {
        "node": ">=18.0.0"
      }
    },
    "node_modules/@aws-sdk/token-providers": {
      "version": "3.787.0",
      "license": "Apache-2.0",
      "dependencies": {
        "@aws-sdk/nested-clients": "3.787.0",
        "@aws-sdk/types": "3.775.0",
        "@smithy/property-provider": "^4.0.2",
        "@smithy/shared-ini-file-loader": "^4.0.2",
        "@smithy/types": "^4.2.0",
        "tslib": "^2.6.2"
      },
      "engines": {
        "node": ">=18.0.0"
      }
    },
    "node_modules/@aws-sdk/types": {
      "version": "3.775.0",
      "license": "Apache-2.0",
      "dependencies": {
        "@smithy/types": "^4.2.0",
        "tslib": "^2.6.2"
      },
      "engines": {
        "node": ">=18.0.0"
      }
    },
    "node_modules/@aws-sdk/util-arn-parser": {
      "version": "3.723.0",
      "license": "Apache-2.0",
      "dependencies": {
        "tslib": "^2.6.2"
      },
      "engines": {
        "node": ">=18.0.0"
      }
    },
    "node_modules/@aws-sdk/util-endpoints": {
      "version": "3.787.0",
      "license": "Apache-2.0",
      "dependencies": {
        "@aws-sdk/types": "3.775.0",
        "@smithy/types": "^4.2.0",
        "@smithy/util-endpoints": "^3.0.2",
        "tslib": "^2.6.2"
      },
      "engines": {
        "node": ">=18.0.0"
      }
    },
    "node_modules/@aws-sdk/util-locate-window": {
      "version": "3.723.0",
      "license": "Apache-2.0",
      "dependencies": {
        "tslib": "^2.6.2"
      },
      "engines": {
        "node": ">=18.0.0"
      }
    },
    "node_modules/@aws-sdk/util-user-agent-browser": {
      "version": "3.775.0",
      "license": "Apache-2.0",
      "dependencies": {
        "@aws-sdk/types": "3.775.0",
        "@smithy/types": "^4.2.0",
        "bowser": "^2.11.0",
        "tslib": "^2.6.2"
      }
    },
    "node_modules/@aws-sdk/util-user-agent-node": {
      "version": "3.787.0",
      "license": "Apache-2.0",
      "dependencies": {
        "@aws-sdk/middleware-user-agent": "3.787.0",
        "@aws-sdk/types": "3.775.0",
        "@smithy/node-config-provider": "^4.0.2",
        "@smithy/types": "^4.2.0",
        "tslib": "^2.6.2"
      },
      "engines": {
        "node": ">=18.0.0"
      },
      "peerDependencies": {
        "aws-crt": ">=1.0.0"
      },
      "peerDependenciesMeta": {
        "aws-crt": {
          "optional": true
        }
      }
    },
    "node_modules/@aws-sdk/xml-builder": {
      "version": "3.775.0",
      "license": "Apache-2.0",
      "dependencies": {
        "@smithy/types": "^4.2.0",
        "tslib": "^2.6.2"
      },
      "engines": {
        "node": ">=18.0.0"
      }
    },
    "node_modules/@faker-js/faker": {
      "version": "9.7.0",
      "resolved": "https://registry.npmjs.org/@faker-js/faker/-/faker-9.7.0.tgz",
      "integrity": "sha512-aozo5vqjCmDoXLNUJarFZx2IN/GgGaogY4TMJ6so/WLZOWpSV7fvj2dmrV6sEAnUm1O7aCrhTibjpzeDFgNqbg==",
      "dev": true,
      "funding": [
        {
          "type": "opencollective",
          "url": "https://opencollective.com/fakerjs"
        }
      ],
      "license": "MIT",
      "engines": {
        "node": ">=18.0.0",
        "npm": ">=9.0.0"
      }
    },
    "node_modules/@graphql-typed-document-node/core": {
      "version": "3.2.0",
      "license": "MIT",
      "peerDependencies": {
        "graphql": "^0.8.0 || ^0.9.0 || ^0.10.0 || ^0.11.0 || ^0.12.0 || ^0.13.0 || ^14.0.0 || ^15.0.0 || ^16.0.0 || ^17.0.0"
      }
    },
    "node_modules/@graphql-yoga/plugin-graphql-sse": {
      "version": "3.13.5",
      "license": "MIT",
      "dependencies": {
        "@whatwg-node/promise-helpers": "^1.2.4",
        "graphql-sse": "^2.0.0"
      },
      "engines": {
        "node": ">=18.0.0"
      },
      "peerDependencies": {
        "graphql": "^15.2.0 || ^16.0.0",
        "graphql-yoga": "^5.13.4"
      }
    },
    "node_modules/@smithy/abort-controller": {
      "version": "4.0.2",
      "license": "Apache-2.0",
      "dependencies": {
        "@smithy/types": "^4.2.0",
        "tslib": "^2.6.2"
      },
      "engines": {
        "node": ">=18.0.0"
      }
    },
    "node_modules/@smithy/chunked-blob-reader": {
      "version": "5.0.0",
      "license": "Apache-2.0",
      "dependencies": {
        "tslib": "^2.6.2"
      },
      "engines": {
        "node": ">=18.0.0"
      }
    },
    "node_modules/@smithy/chunked-blob-reader-native": {
      "version": "4.0.0",
      "license": "Apache-2.0",
      "dependencies": {
        "@smithy/util-base64": "^4.0.0",
        "tslib": "^2.6.2"
      },
      "engines": {
        "node": ">=18.0.0"
      }
    },
    "node_modules/@smithy/config-resolver": {
      "version": "4.1.0",
      "license": "Apache-2.0",
      "dependencies": {
        "@smithy/node-config-provider": "^4.0.2",
        "@smithy/types": "^4.2.0",
        "@smithy/util-config-provider": "^4.0.0",
        "@smithy/util-middleware": "^4.0.2",
        "tslib": "^2.6.2"
      },
      "engines": {
        "node": ">=18.0.0"
      }
    },
    "node_modules/@smithy/core": {
      "version": "3.2.0",
      "license": "Apache-2.0",
      "dependencies": {
        "@smithy/middleware-serde": "^4.0.3",
        "@smithy/protocol-http": "^5.1.0",
        "@smithy/types": "^4.2.0",
        "@smithy/util-body-length-browser": "^4.0.0",
        "@smithy/util-middleware": "^4.0.2",
        "@smithy/util-stream": "^4.2.0",
        "@smithy/util-utf8": "^4.0.0",
        "tslib": "^2.6.2"
      },
      "engines": {
        "node": ">=18.0.0"
      }
    },
    "node_modules/@smithy/credential-provider-imds": {
      "version": "4.0.2",
      "license": "Apache-2.0",
      "dependencies": {
        "@smithy/node-config-provider": "^4.0.2",
        "@smithy/property-provider": "^4.0.2",
        "@smithy/types": "^4.2.0",
        "@smithy/url-parser": "^4.0.2",
        "tslib": "^2.6.2"
      },
      "engines": {
        "node": ">=18.0.0"
      }
    },
    "node_modules/@smithy/eventstream-codec": {
      "version": "4.0.2",
      "license": "Apache-2.0",
      "dependencies": {
        "@aws-crypto/crc32": "5.2.0",
        "@smithy/types": "^4.2.0",
        "@smithy/util-hex-encoding": "^4.0.0",
        "tslib": "^2.6.2"
      },
      "engines": {
        "node": ">=18.0.0"
      }
    },
    "node_modules/@smithy/eventstream-serde-browser": {
      "version": "4.0.2",
      "license": "Apache-2.0",
      "dependencies": {
        "@smithy/eventstream-serde-universal": "^4.0.2",
        "@smithy/types": "^4.2.0",
        "tslib": "^2.6.2"
      },
      "engines": {
        "node": ">=18.0.0"
      }
    },
    "node_modules/@smithy/eventstream-serde-config-resolver": {
      "version": "4.1.0",
      "license": "Apache-2.0",
      "dependencies": {
        "@smithy/types": "^4.2.0",
        "tslib": "^2.6.2"
      },
      "engines": {
        "node": ">=18.0.0"
      }
    },
    "node_modules/@smithy/eventstream-serde-node": {
      "version": "4.0.2",
      "license": "Apache-2.0",
      "dependencies": {
        "@smithy/eventstream-serde-universal": "^4.0.2",
        "@smithy/types": "^4.2.0",
        "tslib": "^2.6.2"
      },
      "engines": {
        "node": ">=18.0.0"
      }
    },
    "node_modules/@smithy/eventstream-serde-universal": {
      "version": "4.0.2",
      "license": "Apache-2.0",
      "dependencies": {
        "@smithy/eventstream-codec": "^4.0.2",
        "@smithy/types": "^4.2.0",
        "tslib": "^2.6.2"
      },
      "engines": {
        "node": ">=18.0.0"
      }
    },
    "node_modules/@smithy/fetch-http-handler": {
      "version": "5.0.2",
      "license": "Apache-2.0",
      "dependencies": {
        "@smithy/protocol-http": "^5.1.0",
        "@smithy/querystring-builder": "^4.0.2",
        "@smithy/types": "^4.2.0",
        "@smithy/util-base64": "^4.0.0",
        "tslib": "^2.6.2"
      },
      "engines": {
        "node": ">=18.0.0"
      }
    },
    "node_modules/@smithy/hash-blob-browser": {
      "version": "4.0.2",
      "license": "Apache-2.0",
      "dependencies": {
        "@smithy/chunked-blob-reader": "^5.0.0",
        "@smithy/chunked-blob-reader-native": "^4.0.0",
        "@smithy/types": "^4.2.0",
        "tslib": "^2.6.2"
      },
      "engines": {
        "node": ">=18.0.0"
      }
    },
    "node_modules/@smithy/hash-node": {
      "version": "4.0.2",
      "license": "Apache-2.0",
      "dependencies": {
        "@smithy/types": "^4.2.0",
        "@smithy/util-buffer-from": "^4.0.0",
        "@smithy/util-utf8": "^4.0.0",
        "tslib": "^2.6.2"
      },
      "engines": {
        "node": ">=18.0.0"
      }
    },
    "node_modules/@smithy/hash-stream-node": {
      "version": "4.0.2",
      "license": "Apache-2.0",
      "dependencies": {
        "@smithy/types": "^4.2.0",
        "@smithy/util-utf8": "^4.0.0",
        "tslib": "^2.6.2"
      },
      "engines": {
        "node": ">=18.0.0"
      }
    },
    "node_modules/@smithy/invalid-dependency": {
      "version": "4.0.2",
      "license": "Apache-2.0",
      "dependencies": {
        "@smithy/types": "^4.2.0",
        "tslib": "^2.6.2"
      },
      "engines": {
        "node": ">=18.0.0"
      }
    },
    "node_modules/@smithy/is-array-buffer": {
      "version": "4.0.0",
      "license": "Apache-2.0",
      "dependencies": {
        "tslib": "^2.6.2"
      },
      "engines": {
        "node": ">=18.0.0"
      }
    },
    "node_modules/@smithy/md5-js": {
      "version": "4.0.2",
      "license": "Apache-2.0",
      "dependencies": {
        "@smithy/types": "^4.2.0",
        "@smithy/util-utf8": "^4.0.0",
        "tslib": "^2.6.2"
      },
      "engines": {
        "node": ">=18.0.0"
      }
    },
    "node_modules/@smithy/middleware-content-length": {
      "version": "4.0.2",
      "license": "Apache-2.0",
      "dependencies": {
        "@smithy/protocol-http": "^5.1.0",
        "@smithy/types": "^4.2.0",
        "tslib": "^2.6.2"
      },
      "engines": {
        "node": ">=18.0.0"
      }
    },
    "node_modules/@smithy/middleware-endpoint": {
      "version": "4.1.0",
      "license": "Apache-2.0",
      "dependencies": {
        "@smithy/core": "^3.2.0",
        "@smithy/middleware-serde": "^4.0.3",
        "@smithy/node-config-provider": "^4.0.2",
        "@smithy/shared-ini-file-loader": "^4.0.2",
        "@smithy/types": "^4.2.0",
        "@smithy/url-parser": "^4.0.2",
        "@smithy/util-middleware": "^4.0.2",
        "tslib": "^2.6.2"
      },
      "engines": {
        "node": ">=18.0.0"
      }
    },
    "node_modules/@smithy/middleware-retry": {
      "version": "4.1.0",
      "license": "Apache-2.0",
      "dependencies": {
        "@smithy/node-config-provider": "^4.0.2",
        "@smithy/protocol-http": "^5.1.0",
        "@smithy/service-error-classification": "^4.0.2",
        "@smithy/smithy-client": "^4.2.0",
        "@smithy/types": "^4.2.0",
        "@smithy/util-middleware": "^4.0.2",
        "@smithy/util-retry": "^4.0.2",
        "tslib": "^2.6.2",
        "uuid": "^9.0.1"
      },
      "engines": {
        "node": ">=18.0.0"
      }
    },
    "node_modules/@smithy/middleware-serde": {
      "version": "4.0.3",
      "license": "Apache-2.0",
      "dependencies": {
        "@smithy/types": "^4.2.0",
        "tslib": "^2.6.2"
      },
      "engines": {
        "node": ">=18.0.0"
      }
    },
    "node_modules/@smithy/middleware-stack": {
      "version": "4.0.2",
      "license": "Apache-2.0",
      "dependencies": {
        "@smithy/types": "^4.2.0",
        "tslib": "^2.6.2"
      },
      "engines": {
        "node": ">=18.0.0"
      }
    },
    "node_modules/@smithy/node-config-provider": {
      "version": "4.0.2",
      "license": "Apache-2.0",
      "dependencies": {
        "@smithy/property-provider": "^4.0.2",
        "@smithy/shared-ini-file-loader": "^4.0.2",
        "@smithy/types": "^4.2.0",
        "tslib": "^2.6.2"
      },
      "engines": {
        "node": ">=18.0.0"
      }
    },
    "node_modules/@smithy/node-http-handler": {
      "version": "4.0.4",
      "license": "Apache-2.0",
      "dependencies": {
        "@smithy/abort-controller": "^4.0.2",
        "@smithy/protocol-http": "^5.1.0",
        "@smithy/querystring-builder": "^4.0.2",
        "@smithy/types": "^4.2.0",
        "tslib": "^2.6.2"
      },
      "engines": {
        "node": ">=18.0.0"
      }
    },
    "node_modules/@smithy/property-provider": {
      "version": "4.0.2",
      "license": "Apache-2.0",
      "dependencies": {
        "@smithy/types": "^4.2.0",
        "tslib": "^2.6.2"
      },
      "engines": {
        "node": ">=18.0.0"
      }
    },
    "node_modules/@smithy/protocol-http": {
      "version": "5.1.0",
      "license": "Apache-2.0",
      "dependencies": {
        "@smithy/types": "^4.2.0",
        "tslib": "^2.6.2"
      },
      "engines": {
        "node": ">=18.0.0"
      }
    },
    "node_modules/@smithy/querystring-builder": {
      "version": "4.0.2",
      "license": "Apache-2.0",
      "dependencies": {
        "@smithy/types": "^4.2.0",
        "@smithy/util-uri-escape": "^4.0.0",
        "tslib": "^2.6.2"
      },
      "engines": {
        "node": ">=18.0.0"
      }
    },
    "node_modules/@smithy/querystring-parser": {
      "version": "4.0.2",
      "license": "Apache-2.0",
      "dependencies": {
        "@smithy/types": "^4.2.0",
        "tslib": "^2.6.2"
      },
      "engines": {
        "node": ">=18.0.0"
      }
    },
    "node_modules/@smithy/service-error-classification": {
      "version": "4.0.2",
      "license": "Apache-2.0",
      "dependencies": {
        "@smithy/types": "^4.2.0"
      },
      "engines": {
        "node": ">=18.0.0"
      }
    },
    "node_modules/@smithy/shared-ini-file-loader": {
      "version": "4.0.2",
      "license": "Apache-2.0",
      "dependencies": {
        "@smithy/types": "^4.2.0",
        "tslib": "^2.6.2"
      },
      "engines": {
        "node": ">=18.0.0"
      }
    },
    "node_modules/@smithy/signature-v4": {
      "version": "5.0.2",
      "license": "Apache-2.0",
      "dependencies": {
        "@smithy/is-array-buffer": "^4.0.0",
        "@smithy/protocol-http": "^5.1.0",
        "@smithy/types": "^4.2.0",
        "@smithy/util-hex-encoding": "^4.0.0",
        "@smithy/util-middleware": "^4.0.2",
        "@smithy/util-uri-escape": "^4.0.0",
        "@smithy/util-utf8": "^4.0.0",
        "tslib": "^2.6.2"
      },
      "engines": {
        "node": ">=18.0.0"
      }
    },
    "node_modules/@smithy/smithy-client": {
      "version": "4.2.0",
      "license": "Apache-2.0",
      "dependencies": {
        "@smithy/core": "^3.2.0",
        "@smithy/middleware-endpoint": "^4.1.0",
        "@smithy/middleware-stack": "^4.0.2",
        "@smithy/protocol-http": "^5.1.0",
        "@smithy/types": "^4.2.0",
        "@smithy/util-stream": "^4.2.0",
        "tslib": "^2.6.2"
      },
      "engines": {
        "node": ">=18.0.0"
      }
    },
    "node_modules/@smithy/types": {
      "version": "4.2.0",
      "license": "Apache-2.0",
      "dependencies": {
        "tslib": "^2.6.2"
      },
      "engines": {
        "node": ">=18.0.0"
      }
    },
    "node_modules/@smithy/url-parser": {
      "version": "4.0.2",
      "license": "Apache-2.0",
      "dependencies": {
        "@smithy/querystring-parser": "^4.0.2",
        "@smithy/types": "^4.2.0",
        "tslib": "^2.6.2"
      },
      "engines": {
        "node": ">=18.0.0"
      }
    },
    "node_modules/@smithy/util-base64": {
      "version": "4.0.0",
      "license": "Apache-2.0",
      "dependencies": {
        "@smithy/util-buffer-from": "^4.0.0",
        "@smithy/util-utf8": "^4.0.0",
        "tslib": "^2.6.2"
      },
      "engines": {
        "node": ">=18.0.0"
      }
    },
    "node_modules/@smithy/util-body-length-browser": {
      "version": "4.0.0",
      "license": "Apache-2.0",
      "dependencies": {
        "tslib": "^2.6.2"
      },
      "engines": {
        "node": ">=18.0.0"
      }
    },
    "node_modules/@smithy/util-body-length-node": {
      "version": "4.0.0",
      "license": "Apache-2.0",
      "dependencies": {
        "tslib": "^2.6.2"
      },
      "engines": {
        "node": ">=18.0.0"
      }
    },
    "node_modules/@smithy/util-buffer-from": {
      "version": "4.0.0",
      "license": "Apache-2.0",
      "dependencies": {
        "@smithy/is-array-buffer": "^4.0.0",
        "tslib": "^2.6.2"
      },
      "engines": {
        "node": ">=18.0.0"
      }
    },
    "node_modules/@smithy/util-config-provider": {
      "version": "4.0.0",
      "license": "Apache-2.0",
      "dependencies": {
        "tslib": "^2.6.2"
      },
      "engines": {
        "node": ">=18.0.0"
      }
    },
    "node_modules/@smithy/util-defaults-mode-browser": {
      "version": "4.0.8",
      "license": "Apache-2.0",
      "dependencies": {
        "@smithy/property-provider": "^4.0.2",
        "@smithy/smithy-client": "^4.2.0",
        "@smithy/types": "^4.2.0",
        "bowser": "^2.11.0",
        "tslib": "^2.6.2"
      },
      "engines": {
        "node": ">=18.0.0"
      }
    },
    "node_modules/@smithy/util-defaults-mode-node": {
      "version": "4.0.8",
      "license": "Apache-2.0",
      "dependencies": {
        "@smithy/config-resolver": "^4.1.0",
        "@smithy/credential-provider-imds": "^4.0.2",
        "@smithy/node-config-provider": "^4.0.2",
        "@smithy/property-provider": "^4.0.2",
        "@smithy/smithy-client": "^4.2.0",
        "@smithy/types": "^4.2.0",
        "tslib": "^2.6.2"
      },
      "engines": {
        "node": ">=18.0.0"
      }
    },
    "node_modules/@smithy/util-endpoints": {
      "version": "3.0.2",
      "license": "Apache-2.0",
      "dependencies": {
        "@smithy/node-config-provider": "^4.0.2",
        "@smithy/types": "^4.2.0",
        "tslib": "^2.6.2"
      },
      "engines": {
        "node": ">=18.0.0"
      }
    },
    "node_modules/@smithy/util-hex-encoding": {
      "version": "4.0.0",
      "license": "Apache-2.0",
      "dependencies": {
        "tslib": "^2.6.2"
      },
      "engines": {
        "node": ">=18.0.0"
      }
    },
    "node_modules/@smithy/util-middleware": {
      "version": "4.0.2",
      "license": "Apache-2.0",
      "dependencies": {
        "@smithy/types": "^4.2.0",
        "tslib": "^2.6.2"
      },
      "engines": {
        "node": ">=18.0.0"
      }
    },
    "node_modules/@smithy/util-retry": {
      "version": "4.0.2",
      "license": "Apache-2.0",
      "dependencies": {
        "@smithy/service-error-classification": "^4.0.2",
        "@smithy/types": "^4.2.0",
        "tslib": "^2.6.2"
      },
      "engines": {
        "node": ">=18.0.0"
      }
    },
    "node_modules/@smithy/util-stream": {
      "version": "4.2.0",
      "license": "Apache-2.0",
      "dependencies": {
        "@smithy/fetch-http-handler": "^5.0.2",
        "@smithy/node-http-handler": "^4.0.4",
        "@smithy/types": "^4.2.0",
        "@smithy/util-base64": "^4.0.0",
        "@smithy/util-buffer-from": "^4.0.0",
        "@smithy/util-hex-encoding": "^4.0.0",
        "@smithy/util-utf8": "^4.0.0",
        "tslib": "^2.6.2"
      },
      "engines": {
        "node": ">=18.0.0"
      }
    },
    "node_modules/@smithy/util-uri-escape": {
      "version": "4.0.0",
      "license": "Apache-2.0",
      "dependencies": {
        "tslib": "^2.6.2"
      },
      "engines": {
        "node": ">=18.0.0"
      }
    },
    "node_modules/@smithy/util-utf8": {
      "version": "4.0.0",
      "license": "Apache-2.0",
      "dependencies": {
        "@smithy/util-buffer-from": "^4.0.0",
        "tslib": "^2.6.2"
      },
      "engines": {
        "node": ">=18.0.0"
      }
    },
    "node_modules/@smithy/util-waiter": {
      "version": "4.0.3",
      "license": "Apache-2.0",
      "dependencies": {
        "@smithy/abort-controller": "^4.0.2",
        "@smithy/types": "^4.2.0",
        "tslib": "^2.6.2"
      },
      "engines": {
        "node": ">=18.0.0"
      }
    },
    "node_modules/@types/bun": {
      "version": "1.2.12",
      "resolved": "https://registry.npmjs.org/@types/bun/-/bun-1.2.12.tgz",
      "integrity": "sha512-lY/GQTXDGsolT/TiH72p1tuyUORuRrdV7VwOTOjDOt8uTBJQOJc5zz3ufwwDl0VBaoxotSk4LdP0hhjLJ6ypIQ==",
      "dev": true,
      "license": "MIT",
      "dependencies": {
        "bun-types": "1.2.12"
      }
    },
    "node_modules/@types/node": {
      "version": "22.15.3",
      "resolved": "https://registry.npmjs.org/@types/node/-/node-22.15.3.tgz",
      "integrity": "sha512-lX7HFZeHf4QG/J7tBZqrCAXwz9J5RD56Y6MpP0eJkka8p+K0RY/yBTW7CYFJ4VGCclxqOLKmiGP5juQc6MKgcw==",
      "dev": true,
      "license": "MIT",
      "dependencies": {
        "undici-types": "~6.21.0"
      }
    },
    "node_modules/@whatwg-node/promise-helpers": {
      "version": "1.3.1",
      "license": "MIT",
      "dependencies": {
        "tslib": "^2.6.3"
      },
      "engines": {
        "node": ">=16.0.0"
      }
    },
    "node_modules/aws-ssl-profiles": {
      "version": "1.1.2",
      "license": "MIT",
      "engines": {
        "node": ">= 6.0.0"
      }
    },
    "node_modules/bowser": {
      "version": "2.11.0",
      "license": "MIT"
    },
    "node_modules/bun-types": {
      "version": "1.2.12",
      "resolved": "https://registry.npmjs.org/bun-types/-/bun-types-1.2.12.tgz",
      "integrity": "sha512-tvWMx5vPqbRXgE8WUZI94iS1xAYs8bkqESR9cxBB1Wi+urvfTrF1uzuDgBHFAdO0+d2lmsbG3HmeKMvUyj6pWA==",
      "dev": true,
      "license": "MIT",
      "dependencies": {
        "@types/node": "*"
      }
    },
    "node_modules/denque": {
      "version": "2.1.0",
      "license": "Apache-2.0",
      "engines": {
        "node": ">=0.10"
      }
    },
    "node_modules/fast-xml-parser": {
      "version": "4.4.1",
      "funding": [
        {
          "type": "github",
          "url": "https://github.com/sponsors/NaturalIntelligence"
        },
        {
          "type": "paypal",
          "url": "https://paypal.me/naturalintelligence"
        }
      ],
      "license": "MIT",
      "dependencies": {
        "strnum": "^1.0.5"
      },
      "bin": {
        "fxparser": "src/cli/cli.js"
      }
    },
    "node_modules/generate-function": {
      "version": "2.3.1",
      "license": "MIT",
      "dependencies": {
        "is-property": "^1.0.2"
      }
    },
    "node_modules/graphql": {
      "version": "16.10.0",
      "license": "MIT",
      "engines": {
        "node": "^12.22.0 || ^14.16.0 || ^16.0.0 || >=17.0.0"
      }
    },
    "node_modules/graphql-request": {
      "version": "7.1.2",
      "resolved": "https://registry.npmjs.org/graphql-request/-/graphql-request-7.1.2.tgz",
      "integrity": "sha512-+XE3iuC55C2di5ZUrB4pjgwe+nIQBuXVIK9J98wrVwojzDW3GMdSBZfxUk8l4j9TieIpjpggclxhNEU9ebGF8w==",
      "license": "MIT",
      "dependencies": {
        "@graphql-typed-document-node/core": "^3.2.0"
      },
      "peerDependencies": {
        "graphql": "14 - 16"
      }
    },
    "node_modules/graphql-sse": {
      "version": "2.5.4",
      "license": "MIT",
      "engines": {
        "node": ">=12"
      },
      "peerDependencies": {
        "graphql": ">=0.11 <=16"
      }
    },
    "node_modules/iconv-lite": {
      "version": "0.6.3",
      "license": "MIT",
      "dependencies": {
        "safer-buffer": ">= 2.1.2 < 3.0.0"
      },
      "engines": {
        "node": ">=0.10.0"
      }
    },
    "node_modules/is-property": {
      "version": "1.0.2",
      "license": "MIT"
    },
    "node_modules/long": {
      "version": "5.3.1",
      "license": "Apache-2.0"
    },
    "node_modules/lru-cache": {
      "version": "7.18.3",
      "license": "ISC",
      "engines": {
        "node": ">=12"
      }
    },
    "node_modules/lru.min": {
      "version": "1.1.2",
      "license": "MIT",
      "engines": {
        "bun": ">=1.0.0",
        "deno": ">=1.30.0",
        "node": ">=8.0.0"
      },
      "funding": {
        "type": "github",
        "url": "https://github.com/sponsors/wellwelwel"
      }
    },
    "node_modules/mysql2": {
      "version": "3.14.0",
      "license": "MIT",
      "dependencies": {
        "aws-ssl-profiles": "^1.1.1",
        "denque": "^2.1.0",
        "generate-function": "^2.3.1",
        "iconv-lite": "^0.6.3",
        "long": "^5.2.1",
        "lru.min": "^1.0.0",
        "named-placeholders": "^1.1.3",
        "seq-queue": "^0.0.5",
        "sqlstring": "^2.3.2"
      },
      "engines": {
        "node": ">= 8.0"
      }
    },
    "node_modules/named-placeholders": {
      "version": "1.1.3",
      "license": "MIT",
      "dependencies": {
        "lru-cache": "^7.14.1"
      },
      "engines": {
        "node": ">=12.0.0"
      }
    },
    "node_modules/safer-buffer": {
      "version": "2.1.2",
      "license": "MIT"
    },
    "node_modules/seq-queue": {
      "version": "0.0.5"
    },
    "node_modules/sqlstring": {
      "version": "2.3.3",
      "license": "MIT",
      "engines": {
        "node": ">= 0.6"
      }
    },
    "node_modules/strnum": {
      "version": "1.1.2",
      "funding": [
        {
          "type": "github",
          "url": "https://github.com/sponsors/NaturalIntelligence"
        }
      ],
      "license": "MIT"
    },
    "node_modules/tslib": {
      "version": "2.8.1",
      "license": "0BSD"
    },
    "node_modules/undici-types": {
      "version": "6.21.0",
      "resolved": "https://registry.npmjs.org/undici-types/-/undici-types-6.21.0.tgz",
      "integrity": "sha512-iwDZqg0QAGrg9Rav5H4n0M64c3mkR59cJ6wQp+7C4nI0gsmExaedaYLNO44eT4AtBBwjbTiGPMlt2Md0T9H9JQ==",
      "dev": true,
      "license": "MIT"
    },
    "node_modules/uuid": {
      "version": "9.0.1",
      "funding": [
        "https://github.com/sponsors/broofa",
        "https://github.com/sponsors/ctavan"
      ],
      "license": "MIT",
      "bin": {
        "uuid": "dist/bin/uuid"
      }
    }
  }
}
